<?xml version="1.0" encoding="UTF-8"?>
<!DOCTYPE plist PUBLIC "-//Apple//DTD PLIST 1.0//EN" "http://www.apple.com/DTDs/PropertyList-1.0.dtd">
<plist version="1.0">
<dict>
	<key>archiveVersion</key>
	<string>1</string>
	<key>classes</key>
	<dict/>
	<key>objectVersion</key>
	<string>46</string>
	<key>objects</key>
	<dict>
		<key>0191BE55A48A4DA78F0BCD1F</key>
		<dict>
			<key>includeInIndex</key>
			<string>1</string>
			<key>isa</key>
			<string>PBXFileReference</string>
			<key>lastKnownFileType</key>
			<string>text.xcconfig</string>
			<key>name</key>
			<string>Pods.xcconfig</string>
			<key>path</key>
			<string>Pods/Pods.xcconfig</string>
			<key>sourceTree</key>
			<string>&lt;group&gt;</string>
		</dict>
		<key>0C9B924054014962B747424D</key>
		<dict>
			<key>buildActionMask</key>
			<string>2147483647</string>
			<key>files</key>
			<array/>
			<key>inputPaths</key>
			<array/>
			<key>isa</key>
			<string>PBXShellScriptBuildPhase</string>
			<key>name</key>
			<string>Check Pods Manifest.lock</string>
			<key>outputPaths</key>
			<array/>
			<key>runOnlyForDeploymentPostprocessing</key>
			<string>0</string>
			<key>shellPath</key>
			<string>/bin/sh</string>
			<key>shellScript</key>
			<string>diff "${PODS_ROOT}/../Podfile.lock" "${PODS_ROOT}/Manifest.lock" &gt; /dev/null
if [[ $? != 0 ]] ; then
    cat &lt;&lt; EOM
error: The sandbox is not in sync with the Podfile.lock. Run 'pod install' or update your CocoaPods installation.
EOM
    exit 1
fi
</string>
			<key>showEnvVarsInLog</key>
			<string>0</string>
		</dict>
		<key>220F5BE719444C8A0067B251</key>
		<dict>
			<key>children</key>
			<array>
				<string>220F5BF919444C8B0067B251</string>
				<string>220F5C1819444C8B0067B251</string>
				<string>220F5BF219444C8A0067B251</string>
				<string>220F5BF119444C8A0067B251</string>
				<string>0191BE55A48A4DA78F0BCD1F</string>
			</array>
			<key>isa</key>
			<string>PBXGroup</string>
			<key>sourceTree</key>
			<string>&lt;group&gt;</string>
		</dict>
		<key>220F5BE819444C8A0067B251</key>
		<dict>
			<key>attributes</key>
			<dict>
				<key>CLASSPREFIX</key>
				<string>LFR</string>
				<key>LastUpgradeCheck</key>
				<string>0510</string>
				<key>ORGANIZATIONNAME</key>
				<string>Kvana Inc.</string>
				<key>TargetAttributes</key>
				<dict>
					<key>220F5C1019444C8B0067B251</key>
					<dict>
						<key>TestTargetID</key>
						<string>220F5BEF19444C8A0067B251</string>
					</dict>
				</dict>
			</dict>
			<key>buildConfigurationList</key>
			<string>220F5BEB19444C8A0067B251</string>
			<key>compatibilityVersion</key>
			<string>Xcode 3.2</string>
			<key>developmentRegion</key>
			<string>English</string>
			<key>hasScannedForEncodings</key>
			<string>0</string>
			<key>isa</key>
			<string>PBXProject</string>
			<key>knownRegions</key>
			<array>
				<string>en</string>
				<string>Base</string>
			</array>
			<key>mainGroup</key>
			<string>220F5BE719444C8A0067B251</string>
			<key>productRefGroup</key>
			<string>220F5BF119444C8A0067B251</string>
			<key>projectDirPath</key>
			<string></string>
			<key>projectReferences</key>
			<array/>
			<key>projectRoot</key>
			<string></string>
			<key>targets</key>
			<array>
				<string>220F5BEF19444C8A0067B251</string>
				<string>220F5C1019444C8B0067B251</string>
			</array>
		</dict>
		<key>220F5BEB19444C8A0067B251</key>
		<dict>
			<key>buildConfigurations</key>
			<array>
				<string>220F5C2019444C8B0067B251</string>
				<string>220F5C2119444C8B0067B251</string>
			</array>
			<key>defaultConfigurationIsVisible</key>
			<string>0</string>
			<key>defaultConfigurationName</key>
			<string>Release</string>
			<key>isa</key>
			<string>XCConfigurationList</string>
		</dict>
		<key>220F5BEC19444C8A0067B251</key>
		<dict>
			<key>buildActionMask</key>
			<string>2147483647</string>
			<key>files</key>
			<array>
				<string>220F5C0019444C8B0067B251</string>
				<string>220F5C0A19444C8B0067B251</string>
				<string>220F5C0419444C8B0067B251</string>
			</array>
			<key>isa</key>
			<string>PBXSourcesBuildPhase</string>
			<key>runOnlyForDeploymentPostprocessing</key>
			<string>0</string>
		</dict>
		<key>220F5BED19444C8A0067B251</key>
		<dict>
			<key>buildActionMask</key>
			<string>2147483647</string>
			<key>files</key>
			<array>
				<string>220F5BF619444C8B0067B251</string>
				<string>220F5BF819444C8B0067B251</string>
				<string>220F5BF419444C8B0067B251</string>
				<string>29A79765091647C0A32AF3EF</string>
			</array>
			<key>isa</key>
			<string>PBXFrameworksBuildPhase</string>
			<key>runOnlyForDeploymentPostprocessing</key>
			<string>0</string>
		</dict>
		<key>220F5BEE19444C8A0067B251</key>
		<dict>
			<key>buildActionMask</key>
			<string>2147483647</string>
			<key>files</key>
			<array>
				<string>220F5C0C19444C8B0067B251</string>
				<string>220F5BFE19444C8B0067B251</string>
				<string>220F5C0719444C8B0067B251</string>
			</array>
			<key>isa</key>
			<string>PBXResourcesBuildPhase</string>
			<key>runOnlyForDeploymentPostprocessing</key>
			<string>0</string>
		</dict>
		<key>220F5BEF19444C8A0067B251</key>
		<dict>
			<key>buildConfigurationList</key>
			<string>220F5C2219444C8B0067B251</string>
			<key>buildPhases</key>
			<array>
				<string>0C9B924054014962B747424D</string>
				<string>220F5BEC19444C8A0067B251</string>
				<string>220F5BED19444C8A0067B251</string>
				<string>220F5BEE19444C8A0067B251</string>
				<string>A54730C6A26747EDA1661CA3</string>
			</array>
			<key>buildRules</key>
			<array/>
			<key>dependencies</key>
			<array/>
			<key>isa</key>
			<string>PBXNativeTarget</string>
			<key>name</key>
			<string>LivefyreReviews</string>
			<key>productName</key>
			<string>LivefyreReviews</string>
			<key>productReference</key>
			<string>220F5BF019444C8A0067B251</string>
			<key>productType</key>
			<string>com.apple.product-type.application</string>
		</dict>
		<key>220F5BF019444C8A0067B251</key>
		<dict>
			<key>explicitFileType</key>
			<string>wrapper.application</string>
			<key>includeInIndex</key>
			<string>0</string>
			<key>isa</key>
			<string>PBXFileReference</string>
			<key>path</key>
			<string>LivefyreReviews.app</string>
			<key>sourceTree</key>
			<string>BUILT_PRODUCTS_DIR</string>
		</dict>
		<key>220F5BF119444C8A0067B251</key>
		<dict>
			<key>children</key>
			<array>
				<string>220F5BF019444C8A0067B251</string>
				<string>220F5C1119444C8B0067B251</string>
			</array>
			<key>isa</key>
			<string>PBXGroup</string>
			<key>name</key>
			<string>Products</string>
			<key>sourceTree</key>
			<string>&lt;group&gt;</string>
		</dict>
		<key>220F5BF219444C8A0067B251</key>
		<dict>
			<key>children</key>
			<array>
				<string>220F5BF319444C8B0067B251</string>
				<string>220F5BF519444C8B0067B251</string>
				<string>220F5BF719444C8B0067B251</string>
				<string>220F5C1219444C8B0067B251</string>
				<string>FB20CC4C259548EB82144512</string>
			</array>
			<key>isa</key>
			<string>PBXGroup</string>
			<key>name</key>
			<string>Frameworks</string>
			<key>sourceTree</key>
			<string>&lt;group&gt;</string>
		</dict>
		<key>220F5BF319444C8B0067B251</key>
		<dict>
			<key>isa</key>
			<string>PBXFileReference</string>
			<key>lastKnownFileType</key>
			<string>wrapper.framework</string>
			<key>name</key>
			<string>Foundation.framework</string>
			<key>path</key>
			<string>System/Library/Frameworks/Foundation.framework</string>
			<key>sourceTree</key>
			<string>SDKROOT</string>
		</dict>
		<key>220F5BF419444C8B0067B251</key>
		<dict>
			<key>fileRef</key>
			<string>220F5BF319444C8B0067B251</string>
			<key>isa</key>
			<string>PBXBuildFile</string>
		</dict>
		<key>220F5BF519444C8B0067B251</key>
		<dict>
			<key>isa</key>
			<string>PBXFileReference</string>
			<key>lastKnownFileType</key>
			<string>wrapper.framework</string>
			<key>name</key>
			<string>CoreGraphics.framework</string>
			<key>path</key>
			<string>System/Library/Frameworks/CoreGraphics.framework</string>
			<key>sourceTree</key>
			<string>SDKROOT</string>
		</dict>
		<key>220F5BF619444C8B0067B251</key>
		<dict>
			<key>fileRef</key>
			<string>220F5BF519444C8B0067B251</string>
			<key>isa</key>
			<string>PBXBuildFile</string>
		</dict>
		<key>220F5BF719444C8B0067B251</key>
		<dict>
			<key>isa</key>
			<string>PBXFileReference</string>
			<key>lastKnownFileType</key>
			<string>wrapper.framework</string>
			<key>name</key>
			<string>UIKit.framework</string>
			<key>path</key>
			<string>System/Library/Frameworks/UIKit.framework</string>
			<key>sourceTree</key>
			<string>SDKROOT</string>
		</dict>
		<key>220F5BF819444C8B0067B251</key>
		<dict>
			<key>fileRef</key>
			<string>220F5BF719444C8B0067B251</string>
			<key>isa</key>
			<string>PBXBuildFile</string>
		</dict>
		<key>220F5BF919444C8B0067B251</key>
		<dict>
			<key>children</key>
			<array>
				<string>220F5C0219444C8B0067B251</string>
				<string>220F5C0319444C8B0067B251</string>
				<string>220F5C0519444C8B0067B251</string>
				<string>220F5C0819444C8B0067B251</string>
				<string>220F5C0919444C8B0067B251</string>
				<string>220F5C0B19444C8B0067B251</string>
				<string>220F5BFA19444C8B0067B251</string>
			</array>
			<key>isa</key>
			<string>PBXGroup</string>
			<key>path</key>
			<string>LivefyreReviews</string>
			<key>sourceTree</key>
			<string>&lt;group&gt;</string>
		</dict>
		<key>220F5BFA19444C8B0067B251</key>
		<dict>
			<key>children</key>
			<array>
				<string>220F5BFB19444C8B0067B251</string>
				<string>220F5BFC19444C8B0067B251</string>
				<string>220F5BFF19444C8B0067B251</string>
				<string>220F5C0119444C8B0067B251</string>
			</array>
			<key>isa</key>
			<string>PBXGroup</string>
			<key>name</key>
			<string>Supporting Files</string>
			<key>sourceTree</key>
			<string>&lt;group&gt;</string>
		</dict>
		<key>220F5BFB19444C8B0067B251</key>
		<dict>
			<key>isa</key>
			<string>PBXFileReference</string>
			<key>lastKnownFileType</key>
			<string>text.plist.xml</string>
			<key>path</key>
			<string>LivefyreReviews-Info.plist</string>
			<key>sourceTree</key>
			<string>&lt;group&gt;</string>
		</dict>
		<key>220F5BFC19444C8B0067B251</key>
		<dict>
			<key>children</key>
			<array>
				<string>220F5BFD19444C8B0067B251</string>
			</array>
			<key>isa</key>
			<string>PBXVariantGroup</string>
			<key>name</key>
			<string>InfoPlist.strings</string>
			<key>sourceTree</key>
			<string>&lt;group&gt;</string>
		</dict>
		<key>220F5BFD19444C8B0067B251</key>
		<dict>
			<key>isa</key>
			<string>PBXFileReference</string>
			<key>lastKnownFileType</key>
			<string>text.plist.strings</string>
			<key>name</key>
			<string>en</string>
			<key>path</key>
			<string>en.lproj/InfoPlist.strings</string>
			<key>sourceTree</key>
			<string>&lt;group&gt;</string>
		</dict>
		<key>220F5BFE19444C8B0067B251</key>
		<dict>
			<key>fileRef</key>
			<string>220F5BFC19444C8B0067B251</string>
			<key>isa</key>
			<string>PBXBuildFile</string>
		</dict>
		<key>220F5BFF19444C8B0067B251</key>
		<dict>
			<key>isa</key>
			<string>PBXFileReference</string>
			<key>lastKnownFileType</key>
			<string>sourcecode.c.objc</string>
			<key>path</key>
			<string>main.m</string>
			<key>sourceTree</key>
			<string>&lt;group&gt;</string>
		</dict>
		<key>220F5C0019444C8B0067B251</key>
		<dict>
			<key>fileRef</key>
			<string>220F5BFF19444C8B0067B251</string>
			<key>isa</key>
			<string>PBXBuildFile</string>
		</dict>
		<key>220F5C0119444C8B0067B251</key>
		<dict>
			<key>isa</key>
			<string>PBXFileReference</string>
			<key>lastKnownFileType</key>
			<string>sourcecode.c.h</string>
			<key>path</key>
			<string>LivefyreReviews-Prefix.pch</string>
			<key>sourceTree</key>
			<string>&lt;group&gt;</string>
		</dict>
		<key>220F5C0219444C8B0067B251</key>
		<dict>
			<key>isa</key>
			<string>PBXFileReference</string>
			<key>lastKnownFileType</key>
			<string>sourcecode.c.h</string>
			<key>path</key>
			<string>LFRAppDelegate.h</string>
			<key>sourceTree</key>
			<string>&lt;group&gt;</string>
		</dict>
		<key>220F5C0319444C8B0067B251</key>
		<dict>
			<key>isa</key>
			<string>PBXFileReference</string>
			<key>lastKnownFileType</key>
			<string>sourcecode.c.objc</string>
			<key>path</key>
			<string>LFRAppDelegate.m</string>
			<key>sourceTree</key>
			<string>&lt;group&gt;</string>
		</dict>
		<key>220F5C0419444C8B0067B251</key>
		<dict>
			<key>fileRef</key>
			<string>220F5C0319444C8B0067B251</string>
			<key>isa</key>
			<string>PBXBuildFile</string>
		</dict>
		<key>220F5C0519444C8B0067B251</key>
		<dict>
			<key>children</key>
			<array>
				<string>220F5C0619444C8B0067B251</string>
			</array>
			<key>isa</key>
			<string>PBXVariantGroup</string>
			<key>name</key>
			<string>Main.storyboard</string>
			<key>sourceTree</key>
			<string>&lt;group&gt;</string>
		</dict>
		<key>220F5C0619444C8B0067B251</key>
		<dict>
			<key>isa</key>
			<string>PBXFileReference</string>
			<key>lastKnownFileType</key>
			<string>file.storyboard</string>
			<key>name</key>
			<string>Base</string>
			<key>path</key>
			<string>Base.lproj/Main.storyboard</string>
			<key>sourceTree</key>
			<string>&lt;group&gt;</string>
		</dict>
		<key>220F5C0719444C8B0067B251</key>
		<dict>
			<key>fileRef</key>
			<string>220F5C0519444C8B0067B251</string>
			<key>isa</key>
			<string>PBXBuildFile</string>
		</dict>
		<key>220F5C0819444C8B0067B251</key>
		<dict>
			<key>isa</key>
			<string>PBXFileReference</string>
			<key>lastKnownFileType</key>
			<string>sourcecode.c.h</string>
			<key>path</key>
			<string>LFRViewController.h</string>
			<key>sourceTree</key>
			<string>&lt;group&gt;</string>
		</dict>
		<key>220F5C0919444C8B0067B251</key>
		<dict>
			<key>isa</key>
			<string>PBXFileReference</string>
			<key>lastKnownFileType</key>
			<string>sourcecode.c.objc</string>
			<key>path</key>
			<string>LFRViewController.m</string>
			<key>sourceTree</key>
			<string>&lt;group&gt;</string>
		</dict>
		<key>220F5C0A19444C8B0067B251</key>
		<dict>
			<key>fileRef</key>
			<string>220F5C0919444C8B0067B251</string>
			<key>isa</key>
			<string>PBXBuildFile</string>
		</dict>
		<key>220F5C0B19444C8B0067B251</key>
		<dict>
			<key>isa</key>
			<string>PBXFileReference</string>
			<key>lastKnownFileType</key>
			<string>folder.assetcatalog</string>
			<key>path</key>
			<string>Images.xcassets</string>
			<key>sourceTree</key>
			<string>&lt;group&gt;</string>
		</dict>
		<key>220F5C0C19444C8B0067B251</key>
		<dict>
			<key>fileRef</key>
			<string>220F5C0B19444C8B0067B251</string>
			<key>isa</key>
			<string>PBXBuildFile</string>
		</dict>
		<key>220F5C0D19444C8B0067B251</key>
		<dict>
			<key>buildActionMask</key>
			<string>2147483647</string>
			<key>files</key>
			<array>
				<string>220F5C1F19444C8B0067B251</string>
			</array>
			<key>isa</key>
			<string>PBXSourcesBuildPhase</string>
			<key>runOnlyForDeploymentPostprocessing</key>
			<string>0</string>
		</dict>
		<key>220F5C0E19444C8B0067B251</key>
		<dict>
			<key>buildActionMask</key>
			<string>2147483647</string>
			<key>files</key>
			<array>
				<string>220F5C1319444C8B0067B251</string>
				<string>220F5C1519444C8B0067B251</string>
				<string>220F5C1419444C8B0067B251</string>
			</array>
			<key>isa</key>
			<string>PBXFrameworksBuildPhase</string>
			<key>runOnlyForDeploymentPostprocessing</key>
			<string>0</string>
		</dict>
		<key>220F5C0F19444C8B0067B251</key>
		<dict>
			<key>buildActionMask</key>
			<string>2147483647</string>
			<key>files</key>
			<array>
				<string>220F5C1D19444C8B0067B251</string>
			</array>
			<key>isa</key>
			<string>PBXResourcesBuildPhase</string>
			<key>runOnlyForDeploymentPostprocessing</key>
			<string>0</string>
		</dict>
		<key>220F5C1019444C8B0067B251</key>
		<dict>
			<key>buildConfigurationList</key>
			<string>220F5C2519444C8B0067B251</string>
			<key>buildPhases</key>
			<array>
				<string>220F5C0D19444C8B0067B251</string>
				<string>220F5C0E19444C8B0067B251</string>
				<string>220F5C0F19444C8B0067B251</string>
			</array>
			<key>buildRules</key>
			<array/>
			<key>dependencies</key>
			<array>
				<string>220F5C1719444C8B0067B251</string>
			</array>
			<key>isa</key>
			<string>PBXNativeTarget</string>
			<key>name</key>
			<string>LivefyreReviewsTests</string>
			<key>productName</key>
			<string>LivefyreReviewsTests</string>
			<key>productReference</key>
			<string>220F5C1119444C8B0067B251</string>
			<key>productType</key>
			<string>com.apple.product-type.bundle.unit-test</string>
		</dict>
		<key>220F5C1119444C8B0067B251</key>
		<dict>
			<key>explicitFileType</key>
			<string>wrapper.cfbundle</string>
			<key>includeInIndex</key>
			<string>0</string>
			<key>isa</key>
			<string>PBXFileReference</string>
			<key>path</key>
			<string>LivefyreReviewsTests.xctest</string>
			<key>sourceTree</key>
			<string>BUILT_PRODUCTS_DIR</string>
		</dict>
		<key>220F5C1219444C8B0067B251</key>
		<dict>
			<key>isa</key>
			<string>PBXFileReference</string>
			<key>lastKnownFileType</key>
			<string>wrapper.framework</string>
			<key>name</key>
			<string>XCTest.framework</string>
			<key>path</key>
			<string>Library/Frameworks/XCTest.framework</string>
			<key>sourceTree</key>
			<string>DEVELOPER_DIR</string>
		</dict>
		<key>220F5C1319444C8B0067B251</key>
		<dict>
			<key>fileRef</key>
			<string>220F5C1219444C8B0067B251</string>
			<key>isa</key>
			<string>PBXBuildFile</string>
		</dict>
		<key>220F5C1419444C8B0067B251</key>
		<dict>
			<key>fileRef</key>
			<string>220F5BF319444C8B0067B251</string>
			<key>isa</key>
			<string>PBXBuildFile</string>
		</dict>
		<key>220F5C1519444C8B0067B251</key>
		<dict>
			<key>fileRef</key>
			<string>220F5BF719444C8B0067B251</string>
			<key>isa</key>
			<string>PBXBuildFile</string>
		</dict>
		<key>220F5C1619444C8B0067B251</key>
		<dict>
			<key>containerPortal</key>
			<string>220F5BE819444C8A0067B251</string>
			<key>isa</key>
			<string>PBXContainerItemProxy</string>
			<key>proxyType</key>
			<string>1</string>
			<key>remoteGlobalIDString</key>
			<string>220F5BEF19444C8A0067B251</string>
			<key>remoteInfo</key>
			<string>LivefyreReviews</string>
		</dict>
		<key>220F5C1719444C8B0067B251</key>
		<dict>
			<key>isa</key>
			<string>PBXTargetDependency</string>
			<key>target</key>
			<string>220F5BEF19444C8A0067B251</string>
			<key>targetProxy</key>
			<string>220F5C1619444C8B0067B251</string>
		</dict>
		<key>220F5C1819444C8B0067B251</key>
		<dict>
			<key>children</key>
			<array>
				<string>220F5C1E19444C8B0067B251</string>
				<string>220F5C1919444C8B0067B251</string>
			</array>
			<key>isa</key>
			<string>PBXGroup</string>
			<key>path</key>
			<string>LivefyreReviewsTests</string>
			<key>sourceTree</key>
			<string>&lt;group&gt;</string>
		</dict>
		<key>220F5C1919444C8B0067B251</key>
		<dict>
			<key>children</key>
			<array>
				<string>220F5C1A19444C8B0067B251</string>
				<string>220F5C1B19444C8B0067B251</string>
			</array>
			<key>isa</key>
			<string>PBXGroup</string>
			<key>name</key>
			<string>Supporting Files</string>
			<key>sourceTree</key>
			<string>&lt;group&gt;</string>
		</dict>
		<key>220F5C1A19444C8B0067B251</key>
		<dict>
			<key>isa</key>
			<string>PBXFileReference</string>
			<key>lastKnownFileType</key>
			<string>text.plist.xml</string>
			<key>path</key>
			<string>LivefyreReviewsTests-Info.plist</string>
			<key>sourceTree</key>
			<string>&lt;group&gt;</string>
		</dict>
		<key>220F5C1B19444C8B0067B251</key>
		<dict>
			<key>children</key>
			<array>
				<string>220F5C1C19444C8B0067B251</string>
			</array>
			<key>isa</key>
			<string>PBXVariantGroup</string>
			<key>name</key>
			<string>InfoPlist.strings</string>
			<key>sourceTree</key>
			<string>&lt;group&gt;</string>
		</dict>
		<key>220F5C1C19444C8B0067B251</key>
		<dict>
			<key>isa</key>
			<string>PBXFileReference</string>
			<key>lastKnownFileType</key>
			<string>text.plist.strings</string>
			<key>name</key>
			<string>en</string>
			<key>path</key>
			<string>en.lproj/InfoPlist.strings</string>
			<key>sourceTree</key>
			<string>&lt;group&gt;</string>
		</dict>
		<key>220F5C1D19444C8B0067B251</key>
		<dict>
			<key>fileRef</key>
			<string>220F5C1B19444C8B0067B251</string>
			<key>isa</key>
			<string>PBXBuildFile</string>
		</dict>
		<key>220F5C1E19444C8B0067B251</key>
		<dict>
			<key>isa</key>
			<string>PBXFileReference</string>
			<key>lastKnownFileType</key>
			<string>sourcecode.c.objc</string>
			<key>path</key>
			<string>LivefyreReviewsTests.m</string>
			<key>sourceTree</key>
			<string>&lt;group&gt;</string>
		</dict>
		<key>220F5C1F19444C8B0067B251</key>
		<dict>
			<key>fileRef</key>
			<string>220F5C1E19444C8B0067B251</string>
			<key>isa</key>
			<string>PBXBuildFile</string>
		</dict>
		<key>220F5C2019444C8B0067B251</key>
		<dict>
			<key>buildSettings</key>
			<dict>
				<key>ALWAYS_SEARCH_USER_PATHS</key>
				<string>NO</string>
				<key>CLANG_CXX_LANGUAGE_STANDARD</key>
				<string>gnu++0x</string>
				<key>CLANG_CXX_LIBRARY</key>
				<string>libc++</string>
				<key>CLANG_ENABLE_MODULES</key>
				<string>YES</string>
				<key>CLANG_ENABLE_OBJC_ARC</key>
				<string>YES</string>
				<key>CLANG_WARN_BOOL_CONVERSION</key>
				<string>YES</string>
				<key>CLANG_WARN_CONSTANT_CONVERSION</key>
				<string>YES</string>
				<key>CLANG_WARN_DIRECT_OBJC_ISA_USAGE</key>
				<string>YES_ERROR</string>
				<key>CLANG_WARN_EMPTY_BODY</key>
				<string>YES</string>
				<key>CLANG_WARN_ENUM_CONVERSION</key>
				<string>YES</string>
				<key>CLANG_WARN_INT_CONVERSION</key>
				<string>YES</string>
				<key>CLANG_WARN_OBJC_ROOT_CLASS</key>
				<string>YES_ERROR</string>
				<key>CLANG_WARN__DUPLICATE_METHOD_MATCH</key>
				<string>YES</string>
				<key>CODE_SIGN_IDENTITY[sdk=iphoneos*]</key>
				<string>iPhone Developer</string>
				<key>COPY_PHASE_STRIP</key>
				<string>NO</string>
				<key>GCC_C_LANGUAGE_STANDARD</key>
				<string>gnu99</string>
				<key>GCC_DYNAMIC_NO_PIC</key>
				<string>NO</string>
				<key>GCC_OPTIMIZATION_LEVEL</key>
				<string>0</string>
				<key>GCC_PREPROCESSOR_DEFINITIONS</key>
				<array>
					<string>DEBUG=1</string>
					<string>$(inherited)</string>
				</array>
				<key>GCC_SYMBOLS_PRIVATE_EXTERN</key>
				<string>NO</string>
				<key>GCC_WARN_64_TO_32_BIT_CONVERSION</key>
				<string>YES</string>
				<key>GCC_WARN_ABOUT_RETURN_TYPE</key>
				<string>YES_ERROR</string>
				<key>GCC_WARN_UNDECLARED_SELECTOR</key>
				<string>YES</string>
				<key>GCC_WARN_UNINITIALIZED_AUTOS</key>
				<string>YES_AGGRESSIVE</string>
				<key>GCC_WARN_UNUSED_FUNCTION</key>
				<string>YES</string>
				<key>GCC_WARN_UNUSED_VARIABLE</key>
				<string>YES</string>
				<key>IPHONEOS_DEPLOYMENT_TARGET</key>
				<string>7.1</string>
				<key>ONLY_ACTIVE_ARCH</key>
				<string>YES</string>
				<key>SDKROOT</key>
				<string>iphoneos</string>
			</dict>
			<key>isa</key>
			<string>XCBuildConfiguration</string>
			<key>name</key>
			<string>Debug</string>
		</dict>
		<key>220F5C2119444C8B0067B251</key>
		<dict>
			<key>buildSettings</key>
			<dict>
				<key>ALWAYS_SEARCH_USER_PATHS</key>
				<string>NO</string>
				<key>CLANG_CXX_LANGUAGE_STANDARD</key>
				<string>gnu++0x</string>
				<key>CLANG_CXX_LIBRARY</key>
				<string>libc++</string>
				<key>CLANG_ENABLE_MODULES</key>
				<string>YES</string>
				<key>CLANG_ENABLE_OBJC_ARC</key>
				<string>YES</string>
				<key>CLANG_WARN_BOOL_CONVERSION</key>
				<string>YES</string>
				<key>CLANG_WARN_CONSTANT_CONVERSION</key>
				<string>YES</string>
				<key>CLANG_WARN_DIRECT_OBJC_ISA_USAGE</key>
				<string>YES_ERROR</string>
				<key>CLANG_WARN_EMPTY_BODY</key>
				<string>YES</string>
				<key>CLANG_WARN_ENUM_CONVERSION</key>
				<string>YES</string>
				<key>CLANG_WARN_INT_CONVERSION</key>
				<string>YES</string>
				<key>CLANG_WARN_OBJC_ROOT_CLASS</key>
				<string>YES_ERROR</string>
				<key>CLANG_WARN__DUPLICATE_METHOD_MATCH</key>
				<string>YES</string>
				<key>CODE_SIGN_IDENTITY[sdk=iphoneos*]</key>
				<string>iPhone Developer</string>
				<key>COPY_PHASE_STRIP</key>
				<string>YES</string>
				<key>ENABLE_NS_ASSERTIONS</key>
				<string>NO</string>
				<key>GCC_C_LANGUAGE_STANDARD</key>
				<string>gnu99</string>
				<key>GCC_WARN_64_TO_32_BIT_CONVERSION</key>
				<string>YES</string>
				<key>GCC_WARN_ABOUT_RETURN_TYPE</key>
				<string>YES_ERROR</string>
				<key>GCC_WARN_UNDECLARED_SELECTOR</key>
				<string>YES</string>
				<key>GCC_WARN_UNINITIALIZED_AUTOS</key>
				<string>YES_AGGRESSIVE</string>
				<key>GCC_WARN_UNUSED_FUNCTION</key>
				<string>YES</string>
				<key>GCC_WARN_UNUSED_VARIABLE</key>
				<string>YES</string>
				<key>IPHONEOS_DEPLOYMENT_TARGET</key>
				<string>7.1</string>
				<key>SDKROOT</key>
				<string>iphoneos</string>
				<key>VALIDATE_PRODUCT</key>
				<string>YES</string>
			</dict>
			<key>isa</key>
			<string>XCBuildConfiguration</string>
			<key>name</key>
			<string>Release</string>
		</dict>
		<key>220F5C2219444C8B0067B251</key>
		<dict>
			<key>buildConfigurations</key>
			<array>
				<string>220F5C2319444C8B0067B251</string>
				<string>220F5C2419444C8B0067B251</string>
			</array>
			<key>defaultConfigurationIsVisible</key>
			<string>0</string>
			<key>isa</key>
			<string>XCConfigurationList</string>
		</dict>
		<key>220F5C2319444C8B0067B251</key>
		<dict>
			<key>baseConfigurationReference</key>
			<string>0191BE55A48A4DA78F0BCD1F</string>
			<key>buildSettings</key>
			<dict>
				<key>ASSETCATALOG_COMPILER_APPICON_NAME</key>
				<string>AppIcon</string>
				<key>ASSETCATALOG_COMPILER_LAUNCHIMAGE_NAME</key>
				<string>LaunchImage</string>
				<key>GCC_PRECOMPILE_PREFIX_HEADER</key>
				<string>YES</string>
				<key>GCC_PREFIX_HEADER</key>
				<string>LivefyreReviews/LivefyreReviews-Prefix.pch</string>
				<key>INFOPLIST_FILE</key>
				<string>LivefyreReviews/LivefyreReviews-Info.plist</string>
				<key>PRODUCT_NAME</key>
				<string>$(TARGET_NAME)</string>
				<key>WRAPPER_EXTENSION</key>
				<string>app</string>
			</dict>
			<key>isa</key>
			<string>XCBuildConfiguration</string>
			<key>name</key>
			<string>Debug</string>
		</dict>
		<key>220F5C2419444C8B0067B251</key>
		<dict>
			<key>baseConfigurationReference</key>
			<string>0191BE55A48A4DA78F0BCD1F</string>
			<key>buildSettings</key>
			<dict>
				<key>ASSETCATALOG_COMPILER_APPICON_NAME</key>
				<string>AppIcon</string>
				<key>ASSETCATALOG_COMPILER_LAUNCHIMAGE_NAME</key>
				<string>LaunchImage</string>
				<key>GCC_PRECOMPILE_PREFIX_HEADER</key>
				<string>YES</string>
				<key>GCC_PREFIX_HEADER</key>
				<string>LivefyreReviews/LivefyreReviews-Prefix.pch</string>
				<key>INFOPLIST_FILE</key>
				<string>LivefyreReviews/LivefyreReviews-Info.plist</string>
				<key>PRODUCT_NAME</key>
				<string>$(TARGET_NAME)</string>
				<key>WRAPPER_EXTENSION</key>
				<string>app</string>
			</dict>
			<key>isa</key>
			<string>XCBuildConfiguration</string>
			<key>name</key>
			<string>Release</string>
		</dict>
		<key>220F5C2519444C8B0067B251</key>
		<dict>
			<key>buildConfigurations</key>
			<array>
				<string>220F5C2619444C8B0067B251</string>
				<string>220F5C2719444C8B0067B251</string>
			</array>
			<key>defaultConfigurationIsVisible</key>
			<string>0</string>
			<key>isa</key>
			<string>XCConfigurationList</string>
		</dict>
		<key>220F5C2619444C8B0067B251</key>
		<dict>
			<key>buildSettings</key>
			<dict>
				<key>BUNDLE_LOADER</key>
				<string>$(BUILT_PRODUCTS_DIR)/LivefyreReviews.app/LivefyreReviews</string>
				<key>FRAMEWORK_SEARCH_PATHS</key>
				<array>
					<string>$(SDKROOT)/Developer/Library/Frameworks</string>
					<string>$(inherited)</string>
					<string>$(DEVELOPER_FRAMEWORKS_DIR)</string>
				</array>
				<key>GCC_PRECOMPILE_PREFIX_HEADER</key>
				<string>YES</string>
				<key>GCC_PREFIX_HEADER</key>
				<string>LivefyreReviews/LivefyreReviews-Prefix.pch</string>
				<key>GCC_PREPROCESSOR_DEFINITIONS</key>
				<array>
					<string>DEBUG=1</string>
					<string>$(inherited)</string>
				</array>
				<key>INFOPLIST_FILE</key>
				<string>LivefyreReviewsTests/LivefyreReviewsTests-Info.plist</string>
				<key>PRODUCT_NAME</key>
				<string>$(TARGET_NAME)</string>
				<key>TEST_HOST</key>
				<string>$(BUNDLE_LOADER)</string>
				<key>WRAPPER_EXTENSION</key>
				<string>xctest</string>
			</dict>
			<key>isa</key>
			<string>XCBuildConfiguration</string>
			<key>name</key>
			<string>Debug</string>
		</dict>
		<key>220F5C2719444C8B0067B251</key>
		<dict>
			<key>buildSettings</key>
			<dict>
				<key>BUNDLE_LOADER</key>
				<string>$(BUILT_PRODUCTS_DIR)/LivefyreReviews.app/LivefyreReviews</string>
				<key>FRAMEWORK_SEARCH_PATHS</key>
				<array>
					<string>$(SDKROOT)/Developer/Library/Frameworks</string>
					<string>$(inherited)</string>
					<string>$(DEVELOPER_FRAMEWORKS_DIR)</string>
				</array>
				<key>GCC_PRECOMPILE_PREFIX_HEADER</key>
				<string>YES</string>
				<key>GCC_PREFIX_HEADER</key>
				<string>LivefyreReviews/LivefyreReviews-Prefix.pch</string>
				<key>INFOPLIST_FILE</key>
				<string>LivefyreReviewsTests/LivefyreReviewsTests-Info.plist</string>
				<key>PRODUCT_NAME</key>
				<string>$(TARGET_NAME)</string>
				<key>TEST_HOST</key>
				<string>$(BUNDLE_LOADER)</string>
				<key>WRAPPER_EXTENSION</key>
				<string>xctest</string>
			</dict>
			<key>isa</key>
			<string>XCBuildConfiguration</string>
			<key>name</key>
			<string>Release</string>
		</dict>
		<key>29A79765091647C0A32AF3EF</key>
		<dict>
			<key>fileRef</key>
			<string>FB20CC4C259548EB82144512</string>
			<key>isa</key>
			<string>PBXBuildFile</string>
		</dict>
		<key>A54730C6A26747EDA1661CA3</key>
		<dict>
			<key>buildActionMask</key>
			<string>2147483647</string>
			<key>files</key>
			<array/>
			<key>inputPaths</key>
			<array/>
			<key>isa</key>
			<string>PBXShellScriptBuildPhase</string>
			<key>name</key>
			<string>Copy Pods Resources</string>
			<key>outputPaths</key>
			<array/>
			<key>runOnlyForDeploymentPostprocessing</key>
			<string>0</string>
			<key>shellPath</key>
			<string>/bin/sh</string>
			<key>shellScript</key>
			<string>"${SRCROOT}/Pods/Pods-resources.sh"
</string>
			<key>showEnvVarsInLog</key>
			<string>0</string>
		</dict>
		<key>FB20CC4C259548EB82144512</key>
		<dict>
			<key>explicitFileType</key>
			<string>archive.ar</string>
			<key>includeInIndex</key>
			<string>0</string>
			<key>isa</key>
			<string>PBXFileReference</string>
			<key>path</key>
			<string>libPods.a</string>
			<key>sourceTree</key>
			<string>BUILT_PRODUCTS_DIR</string>
		</dict>
	</dict>
	<key>rootObject</key>
	<string>220F5BE819444C8A0067B251</string>
</dict>
</plist>
